
Microsoft Visual Studio Solution File, Format Version 12.00
# Visual Studio Version 17
VisualStudioVersion = 17.13.35931.197 d17.13
MinimumVisualStudioVersion = 10.0.40219.1
Project("{FAE04EC0-301F-11D3-BF4B-00C04F79EFBC}") = "WindowsFormsApp8", "WindowsFormsApp8\WindowsFormsApp8.csproj", "{C85A0632-FBF3-4F7B-9789-F721D3BB09BC}"
EndProject
Global
	GlobalSection(SolutionConfigurationPlatforms) = preSolution
		Debug|Any CPU = Debug|Any CPU
		Release|Any CPU = Release|Any CPU
	EndGlobalSection
	GlobalSection(ProjectConfigurationPlatforms) = postSolution
		{C85A0632-FBF3-4F7B-9789-F721D3BB09BC}.Debug|Any CPU.ActiveCfg = Debug|Any CPU
		{C85A0632-FBF3-4F7B-9789-F721D3BB09BC}.Debug|Any CPU.Build.0 = Debug|Any CPU
		{C85A0632-FBF3-4F7B-9789-F721D3BB09BC}.Release|Any CPU.ActiveCfg = Release|Any CPU
		{C85A0632-FBF3-4F7B-9789-F721D3BB09BC}.Release|Any CPU.Build.0 = Release|Any CPU
	EndGlobalSection
	GlobalSection(SolutionProperties) = preSolution
		HideSolutionNode = FALSE
	EndGlobalSection
	GlobalSection(ExtensibilityGlobals) = postSolution
		SolutionGuid = {222398F1-1024-43D9-BA1D-42BC2C98765F}
	EndGlobalSection
EndGlobal
